
Microsoft Visual Studio Solution File, Format Version 12.00
# Visual Studio 2013
VisualStudioVersion = 12.0.21005.1
MinimumVisualStudioVersion = 10.0.40219.1
Project("{8BC9CEB8-8B4A-11D0-8D11-00A0C91BC942}") = "lsm_project", "lsm_project\lsm_project.vcxproj", "{50EEA636-C3EF-490C-9D05-43F489BC0775}"
EndProject
Project("{8BC9CEB8-8B4A-11D0-8D11-00A0C91BC942}") = "client_multiThread", "client_multiThread\client_multiThread.vcxproj", "{EEC7EE96-9ED8-43F6-889D-D78C43390484}"
EndProject
Global
	GlobalSection(SolutionConfigurationPlatforms) = preSolution
		Debug|Mixed Platforms = Debug|Mixed Platforms
		Debug|Win32 = Debug|Win32
		Debug|x64 = Debug|x64
		Release|Mixed Platforms = Release|Mixed Platforms
		Release|Win32 = Release|Win32
		Release|x64 = Release|x64
	EndGlobalSection
	GlobalSection(ProjectConfigurationPlatforms) = postSolution
		{50EEA636-C3EF-490C-9D05-43F489BC0775}.Debug|Mixed Platforms.ActiveCfg = Debug|Win32
		{50EEA636-C3EF-490C-9D05-43F489BC0775}.Debug|Mixed Platforms.Build.0 = Debug|Win32
		{50EEA636-C3EF-490C-9D05-43F489BC0775}.Debug|Win32.ActiveCfg = Debug|Win32
		{50EEA636-C3EF-490C-9D05-43F489BC0775}.Debug|Win32.Build.0 = Debug|Win32
		{50EEA636-C3EF-490C-9D05-43F489BC0775}.Debug|x64.ActiveCfg = Release|x64
		{50EEA636-C3EF-490C-9D05-43F489BC0775}.Debug|x64.Build.0 = Release|x64
		{50EEA636-C3EF-490C-9D05-43F489BC0775}.Release|Mixed Platforms.ActiveCfg = Release|Win32
		{50EEA636-C3EF-490C-9D05-43F489BC0775}.Release|Mixed Platforms.Build.0 = Release|Win32
		{50EEA636-C3EF-490C-9D05-43F489BC0775}.Release|Win32.ActiveCfg = Release|Win32
		{50EEA636-C3EF-490C-9D05-43F489BC0775}.Release|Win32.Build.0 = Release|Win32
		{50EEA636-C3EF-490C-9D05-43F489BC0775}.Release|x64.ActiveCfg = Release|x64
		{50EEA636-C3EF-490C-9D05-43F489BC0775}.Release|x64.Build.0 = Release|x64
		{EEC7EE96-9ED8-43F6-889D-D78C43390484}.Debug|Mixed Platforms.ActiveCfg = Debug|Win32
		{EEC7EE96-9ED8-43F6-889D-D78C43390484}.Debug|Mixed Platforms.Build.0 = Debug|Win32
		{EEC7EE96-9ED8-43F6-889D-D78C43390484}.Debug|Win32.ActiveCfg = Debug|Win32
		{EEC7EE96-9ED8-43F6-889D-D78C43390484}.Debug|Win32.Build.0 = Debug|Win32
		{EEC7EE96-9ED8-43F6-889D-D78C43390484}.Debug|x64.ActiveCfg = Debug|Win32
		{EEC7EE96-9ED8-43F6-889D-D78C43390484}.Release|Mixed Platforms.ActiveCfg = Release|Win32
		{EEC7EE96-9ED8-43F6-889D-D78C43390484}.Release|Mixed Platforms.Build.0 = Release|Win32
		{EEC7EE96-9ED8-43F6-889D-D78C43390484}.Release|Win32.ActiveCfg = Release|Win32
		{EEC7EE96-9ED8-43F6-889D-D78C43390484}.Release|Win32.Build.0 = Release|Win32
		{EEC7EE96-9ED8-43F6-889D-D78C43390484}.Release|x64.ActiveCfg = Release|x64
		{EEC7EE96-9ED8-43F6-889D-D78C43390484}.Release|x64.Build.0 = Release|x64
	EndGlobalSection
	GlobalSection(SolutionProperties) = preSolution
		HideSolutionNode = FALSE
	EndGlobalSection
EndGlobal
